
Microsoft Visual Studio Solution File, Format Version 12.00
# Visual Studio Version 17
VisualStudioVersion = 17.0.31903.59
MinimumVisualStudioVersion = 10.0.40219.1
Project("{2150E333-8FDC-42A3-9474-1A3956D46DE8}") = "scripts", "scripts", "{E36DF338-39F5-4A6B-9E67-2FCE3AD5ADCB}"
EndProject
Project("{FAE04EC0-301F-11D3-BF4B-00C04F79EFBC}") = "Leaderboard", "scripts\Leaderboard\Leaderboard.csproj", "{82FE58BE-05B7-4863-9667-2E57F58ED635}"
EndProject
Global
	GlobalSection(SolutionConfigurationPlatforms) = preSolution
		Debug|Any CPU = Debug|Any CPU
		Release|Any CPU = Release|Any CPU
	EndGlobalSection
	GlobalSection(SolutionProperties) = preSolution
		HideSolutionNode = FALSE
	EndGlobalSection
	GlobalSection(ProjectConfigurationPlatforms) = postSolution
		{82FE58BE-05B7-4863-9667-2E57F58ED635}.Debug|Any CPU.ActiveCfg = Debug|Any CPU
		{82FE58BE-05B7-4863-9667-2E57F58ED635}.Debug|Any CPU.Build.0 = Debug|Any CPU
		{82FE58BE-05B7-4863-9667-2E57F58ED635}.Release|Any CPU.ActiveCfg = Release|Any CPU
		{82FE58BE-05B7-4863-9667-2E57F58ED635}.Release|Any CPU.Build.0 = Release|Any CPU
	EndGlobalSection
	GlobalSection(NestedProjects) = preSolution
		{82FE58BE-05B7-4863-9667-2E57F58ED635} = {E36DF338-39F5-4A6B-9E67-2FCE3AD5ADCB}
	EndGlobalSection
EndGlobal
